
Microsoft Visual Studio Solution File, Format Version 12.00
# Visual Studio Version 17
VisualStudioVersion = 17.14.36408.4
MinimumVisualStudioVersion = 10.0.40219.1
Project("{2150E333-8FDC-42A3-9474-1A3956D46DE8}") = "Services", "Services", "{02EA681E-C7D8-13C7-8484-4AC65E1B71E8}"
EndProject
Project("{2150E333-8FDC-42A3-9474-1A3956D46DE8}") = "Catalog", "Catalog", "{AE9E185C-877D-4414-A1E6-A8A240DB6F5A}"
EndProject
Project("{FAE04EC0-301F-11D3-BF4B-00C04F79EFBC}") = "Catalog.API", "Services\Catalog\Catalog.API\Catalog.API.csproj", "{C2944355-C790-451F-8941-C7F7B34AEFBC}"
EndProject
Project("{2150E333-8FDC-42A3-9474-1A3956D46DE8}") = "BuildingBlocks", "BuildingBlocks", "{54C08343-C050-4F80-BD85-F16D31070140}"
EndProject
Project("{FAE04EC0-301F-11D3-BF4B-00C04F79EFBC}") = "BuildingBlocks", "BuildingBlocks\BuildingBlocks\BuildingBlocks.csproj", "{7C689D09-D0D4-4B10-8EAE-651272D15163}"
EndProject
Project("{E53339B2-1760-4266-BCC7-CA923CBCF16C}") = "docker-compose", "docker-compose.dcproj", "{81DDED9D-158B-E303-5F62-77A2896D2A5A}"
EndProject
Project("{2150E333-8FDC-42A3-9474-1A3956D46DE8}") = "Basket", "Basket", "{89B1FC31-339D-4A75-8C88-9479D525670F}"
EndProject
Project("{FAE04EC0-301F-11D3-BF4B-00C04F79EFBC}") = "Basket.API", "Services\Basket\Basket.API\Basket.API.csproj", "{229DEA10-89B3-403B-A6EE-9941099BBF07}"
EndProject
Project("{2150E333-8FDC-42A3-9474-1A3956D46DE8}") = "Discount", "Discount", "{77881988-D57B-47EA-9AA3-707753744A10}"
EndProject
Project("{FAE04EC0-301F-11D3-BF4B-00C04F79EFBC}") = "Discount.Grpc", "Services\Discount\Discount.Grpc\Discount.Grpc.csproj", "{56AE4C85-8C1E-4EDC-B55B-38A8F320F56C}"
EndProject
Project("{2150E333-8FDC-42A3-9474-1A3956D46DE8}") = "Ordering", "Ordering", "{0C01583C-3ECD-498D-8B13-39A5BEAD73E7}"
EndProject
Project("{FAE04EC0-301F-11D3-BF4B-00C04F79EFBC}") = "Ordering.API", "Services\Ordering\Ordering.API\Ordering.API.csproj", "{2C4B97B6-4D82-4959-ACC9-DBDBA8F938C9}"
EndProject
Global
	GlobalSection(SolutionConfigurationPlatforms) = preSolution
		Debug|Any CPU = Debug|Any CPU
		Release|Any CPU = Release|Any CPU
	EndGlobalSection
	GlobalSection(ProjectConfigurationPlatforms) = postSolution
		{C2944355-C790-451F-8941-C7F7B34AEFBC}.Debug|Any CPU.ActiveCfg = Debug|Any CPU
		{C2944355-C790-451F-8941-C7F7B34AEFBC}.Debug|Any CPU.Build.0 = Debug|Any CPU
		{C2944355-C790-451F-8941-C7F7B34AEFBC}.Release|Any CPU.ActiveCfg = Release|Any CPU
		{C2944355-C790-451F-8941-C7F7B34AEFBC}.Release|Any CPU.Build.0 = Release|Any CPU
		{7C689D09-D0D4-4B10-8EAE-651272D15163}.Debug|Any CPU.ActiveCfg = Debug|Any CPU
		{7C689D09-D0D4-4B10-8EAE-651272D15163}.Debug|Any CPU.Build.0 = Debug|Any CPU
		{7C689D09-D0D4-4B10-8EAE-651272D15163}.Release|Any CPU.ActiveCfg = Release|Any CPU
		{7C689D09-D0D4-4B10-8EAE-651272D15163}.Release|Any CPU.Build.0 = Release|Any CPU
		{81DDED9D-158B-E303-5F62-77A2896D2A5A}.Debug|Any CPU.ActiveCfg = Debug|Any CPU
		{81DDED9D-158B-E303-5F62-77A2896D2A5A}.Debug|Any CPU.Build.0 = Debug|Any CPU
		{81DDED9D-158B-E303-5F62-77A2896D2A5A}.Release|Any CPU.ActiveCfg = Release|Any CPU
		{81DDED9D-158B-E303-5F62-77A2896D2A5A}.Release|Any CPU.Build.0 = Release|Any CPU
		{229DEA10-89B3-403B-A6EE-9941099BBF07}.Debug|Any CPU.ActiveCfg = Debug|Any CPU
		{229DEA10-89B3-403B-A6EE-9941099BBF07}.Debug|Any CPU.Build.0 = Debug|Any CPU
		{229DEA10-89B3-403B-A6EE-9941099BBF07}.Release|Any CPU.ActiveCfg = Release|Any CPU
		{229DEA10-89B3-403B-A6EE-9941099BBF07}.Release|Any CPU.Build.0 = Release|Any CPU
		{56AE4C85-8C1E-4EDC-B55B-38A8F320F56C}.Debug|Any CPU.ActiveCfg = Debug|Any CPU
		{56AE4C85-8C1E-4EDC-B55B-38A8F320F56C}.Debug|Any CPU.Build.0 = Debug|Any CPU
		{56AE4C85-8C1E-4EDC-B55B-38A8F320F56C}.Release|Any CPU.ActiveCfg = Release|Any CPU
		{56AE4C85-8C1E-4EDC-B55B-38A8F320F56C}.Release|Any CPU.Build.0 = Release|Any CPU
		{2C4B97B6-4D82-4959-ACC9-DBDBA8F938C9}.Debug|Any CPU.ActiveCfg = Debug|Any CPU
		{2C4B97B6-4D82-4959-ACC9-DBDBA8F938C9}.Debug|Any CPU.Build.0 = Debug|Any CPU
		{2C4B97B6-4D82-4959-ACC9-DBDBA8F938C9}.Release|Any CPU.ActiveCfg = Release|Any CPU
		{2C4B97B6-4D82-4959-ACC9-DBDBA8F938C9}.Release|Any CPU.Build.0 = Release|Any CPU
	EndGlobalSection
	GlobalSection(SolutionProperties) = preSolution
		HideSolutionNode = FALSE
	EndGlobalSection
	GlobalSection(NestedProjects) = preSolution
		{AE9E185C-877D-4414-A1E6-A8A240DB6F5A} = {02EA681E-C7D8-13C7-8484-4AC65E1B71E8}
		{C2944355-C790-451F-8941-C7F7B34AEFBC} = {AE9E185C-877D-4414-A1E6-A8A240DB6F5A}
		{7C689D09-D0D4-4B10-8EAE-651272D15163} = {54C08343-C050-4F80-BD85-F16D31070140}
		{89B1FC31-339D-4A75-8C88-9479D525670F} = {02EA681E-C7D8-13C7-8484-4AC65E1B71E8}
		{229DEA10-89B3-403B-A6EE-9941099BBF07} = {89B1FC31-339D-4A75-8C88-9479D525670F}
		{77881988-D57B-47EA-9AA3-707753744A10} = {02EA681E-C7D8-13C7-8484-4AC65E1B71E8}
		{56AE4C85-8C1E-4EDC-B55B-38A8F320F56C} = {77881988-D57B-47EA-9AA3-707753744A10}
		{0C01583C-3ECD-498D-8B13-39A5BEAD73E7} = {02EA681E-C7D8-13C7-8484-4AC65E1B71E8}
		{2C4B97B6-4D82-4959-ACC9-DBDBA8F938C9} = {0C01583C-3ECD-498D-8B13-39A5BEAD73E7}
	EndGlobalSection
	GlobalSection(ExtensibilityGlobals) = postSolution
		SolutionGuid = {23766567-1BC7-424F-A87C-2FA1AEAE0B13}
	EndGlobalSection
EndGlobal
